
Microsoft Visual Studio Solution File, Format Version 12.00
# Visual Studio Version 17
VisualStudioVersion = 17.5.33516.290
MinimumVisualStudioVersion = 10.0.40219.1
Project("{FAE04EC0-301F-11D3-BF4B-00C04F79EFBC}") = "ToDoListApi", "ToDoListApi\ToDoListApi.csproj", "{970A7F18-FEAF-4814-A405-2F3FCEEA5E5A}"
EndProject
Global
	GlobalSection(SolutionConfigurationPlatforms) = preSolution
		Debug|Any CPU = Debug|Any CPU
		Release|Any CPU = Release|Any CPU
	EndGlobalSection
	GlobalSection(ProjectConfigurationPlatforms) = postSolution
		{970A7F18-FEAF-4814-A405-2F3FCEEA5E5A}.Debug|Any CPU.ActiveCfg = Debug|Any CPU
		{970A7F18-FEAF-4814-A405-2F3FCEEA5E5A}.Debug|Any CPU.Build.0 = Debug|Any CPU
		{970A7F18-FEAF-4814-A405-2F3FCEEA5E5A}.Release|Any CPU.ActiveCfg = Release|Any CPU
		{970A7F18-FEAF-4814-A405-2F3FCEEA5E5A}.Release|Any CPU.Build.0 = Release|Any CPU
	EndGlobalSection
	GlobalSection(SolutionProperties) = preSolution
		HideSolutionNode = FALSE
	EndGlobalSection
	GlobalSection(ExtensibilityGlobals) = postSolution
		SolutionGuid = {C73E7E7E-1F49-4A4E-9B82-6AED53C5F88A}
	EndGlobalSection
EndGlobal
